// !$*UTF8*$!
{
	archiveVersion = 1;
	classes = {
	};
	objectVersion = 56;
	objects = {

/* Begin PBXBuildFile section */
		AA6313B82C188B2600A3CA51 /* StaterFarm_Drive_and_SaveApp.swift in Sources */ = {isa = PBXBuildFile; fileRef = AA6313B72C188B2600A3CA51 /* StaterFarm_Drive_and_SaveApp.swift */; };
		AA6313BA2C188B2600A3CA51 /* ContentView.swift in Sources */ = {isa = PBXBuildFile; fileRef = AA6313B92C188B2600A3CA51 /* ContentView.swift */; };
		AA6313BC2C188B2900A3CA51 /* Assets.xcassets in Resources */ = {isa = PBXBuildFile; fileRef = AA6313BB2C188B2900A3CA51 /* Assets.xcassets */; };
		AA6313BF2C188B2900A3CA51 /* Preview Assets.xcassets in Resources */ = {isa = PBXBuildFile; fileRef = AA6313BE2C188B2900A3CA51 /* Preview Assets.xcassets */; };
		AA6313C92C188B2900A3CA51 /* StaterFarm_Drive_and_SaveTests.swift in Sources */ = {isa = PBXBuildFile; fileRef = AA6313C82C188B2900A3CA51 /* StaterFarm_Drive_and_SaveTests.swift */; };
		AA6313D32C188B2900A3CA51 /* StaterFarm_Drive_and_SaveUITests.swift in Sources */ = {isa = PBXBuildFile; fileRef = AA6313D22C188B2900A3CA51 /* StaterFarm_Drive_and_SaveUITests.swift */; };
		AA6313D52C188B2900A3CA51 /* StaterFarm_Drive_and_SaveUITestsLaunchTests.swift in Sources */ = {isa = PBXBuildFile; fileRef = AA6313D42C188B2900A3CA51 /* StaterFarm_Drive_and_SaveUITestsLaunchTests.swift */; };
		AAE63EEC2C18F1B500CB0DAA /* NetworkManager.swift in Sources */ = {isa = PBXBuildFile; fileRef = AAE63EEB2C18F1B500CB0DAA /* NetworkManager.swift */; };
/* End PBXBuildFile section */

/* Begin PBXContainerItemProxy section */
		AA6313C52C188B2900A3CA51 /* PBXContainerItemProxy */ = {
			isa = PBXContainerItemProxy;
			containerPortal = AA6313AC2C188B2600A3CA51 /* Project object */;
			proxyType = 1;
			remoteGlobalIDString = AA6313B32C188B2600A3CA51;
			remoteInfo = "StaterFarm Drive and Save";
		};
		AA6313CF2C188B2900A3CA51 /* PBXContainerItemProxy */ = {
			isa = PBXContainerItemProxy;
			containerPortal = AA6313AC2C188B2600A3CA51 /* Project object */;
			proxyType = 1;
			remoteGlobalIDString = AA6313B32C188B2600A3CA51;
			remoteInfo = "StaterFarm Drive and Save";
		};
/* End PBXContainerItemProxy section */

/* Begin PBXFileReference section */
		AA6313B42C188B2600A3CA51 /* StaterFarm Drive and Save.app */ = {isa = PBXFileReference; explicitFileType = wrapper.application; includeInIndex = 0; path = "StaterFarm Drive and Save.app"; sourceTree = BUILT_PRODUCTS_DIR; };
		AA6313B72C188B2600A3CA51 /* StaterFarm_Drive_and_SaveApp.swift */ = {isa = PBXFileReference; lastKnownFileType = sourcecode.swift; path = StaterFarm_Drive_and_SaveApp.swift; sourceTree = "<group>"; };
		AA6313B92C188B2600A3CA51 /* ContentView.swift */ = {isa = PBXFileReference; lastKnownFileType = sourcecode.swift; path = ContentView.swift; sourceTree = "<group>"; };
		AA6313BB2C188B2900A3CA51 /* Assets.xcassets */ = {isa = PBXFileReference; lastKnownFileType = folder.assetcatalog; path = Assets.xcassets; sourceTree = "<group>"; };
		AA6313BE2C188B2900A3CA51 /* Preview Assets.xcassets */ = {isa = PBXFileReference; lastKnownFileType = folder.assetcatalog; path = "Preview Assets.xcassets"; sourceTree = "<group>"; };
		AA6313C42C188B2900A3CA51 /* StaterFarm Drive and SaveTests.xctest */ = {isa = PBXFileReference; explicitFileType = wrapper.cfbundle; includeInIndex = 0; path = "StaterFarm Drive and SaveTests.xctest"; sourceTree = BUILT_PRODUCTS_DIR; };
		AA6313C82C188B2900A3CA51 /* StaterFarm_Drive_and_SaveTests.swift */ = {isa = PBXFileReference; lastKnownFileType = sourcecode.swift; path = StaterFarm_Drive_and_SaveTests.swift; sourceTree = "<group>"; };
		AA6313CE2C188B2900A3CA51 /* StaterFarm Drive and SaveUITests.xctest */ = {isa = PBXFileReference; explicitFileType = wrapper.cfbundle; includeInIndex = 0; path = "StaterFarm Drive and SaveUITests.xctest"; sourceTree = BUILT_PRODUCTS_DIR; };
		AA6313D22C188B2900A3CA51 /* StaterFarm_Drive_and_SaveUITests.swift */ = {isa = PBXFileReference; lastKnownFileType = sourcecode.swift; path = StaterFarm_Drive_and_SaveUITests.swift; sourceTree = "<group>"; };
		AA6313D42C188B2900A3CA51 /* StaterFarm_Drive_and_SaveUITestsLaunchTests.swift */ = {isa = PBXFileReference; lastKnownFileType = sourcecode.swift; path = StaterFarm_Drive_and_SaveUITestsLaunchTests.swift; sourceTree = "<group>"; };
		AAE63EEB2C18F1B500CB0DAA /* NetworkManager.swift */ = {isa = PBXFileReference; lastKnownFileType = sourcecode.swift; path = NetworkManager.swift; sourceTree = "<group>"; };
/* End PBXFileReference section */

/* Begin PBXFrameworksBuildPhase section */
		AA6313B12C188B2600A3CA51 /* Frameworks */ = {
			isa = PBXFrameworksBuildPhase;
			buildActionMask = 2147483647;
			files = (
			);
			runOnlyForDeploymentPostprocessing = 0;
		};
		AA6313C12C188B2900A3CA51 /* Frameworks */ = {
			isa = PBXFrameworksBuildPhase;
			buildActionMask = 2147483647;
			files = (
			);
			runOnlyForDeploymentPostprocessing = 0;
		};
		AA6313CB2C188B2900A3CA51 /* Frameworks */ = {
			isa = PBXFrameworksBuildPhase;
			buildActionMask = 2147483647;
			files = (
			);
			runOnlyForDeploymentPostprocessing = 0;
		};
/* End PBXFrameworksBuildPhase section */

/* Begin PBXGroup section */
		AA6313AB2C188B2600A3CA51 = {
			isa = PBXGroup;
			children = (
				AA6313B62C188B2600A3CA51 /* StaterFarm Drive and Save */,
				AA6313C72C188B2900A3CA51 /* StaterFarm Drive and SaveTests */,
				AA6313D12C188B2900A3CA51 /* StaterFarm Drive and SaveUITests */,
				AA6313B52C188B2600A3CA51 /* Products */,
			);
			sourceTree = "<group>";
		};
		AA6313B52C188B2600A3CA51 /* Products */ = {
			isa = PBXGroup;
			children = (
				AA6313B42C188B2600A3CA51 /* StaterFarm Drive and Save.app */,
				AA6313C42C188B2900A3CA51 /* StaterFarm Drive and SaveTests.xctest */,
				AA6313CE2C188B2900A3CA51 /* StaterFarm Drive and SaveUITests.xctest */,
			);
			name = Products;
			sourceTree = "<group>";
		};
		AA6313B62C188B2600A3CA51 /* StaterFarm Drive and Save */ = {
			isa = PBXGroup;
			children = (
				AAE63EEB2C18F1B500CB0DAA /* NetworkManager.swift */,
				AA6313B72C188B2600A3CA51 /* StaterFarm_Drive_and_SaveApp.swift */,
				AA6313B92C188B2600A3CA51 /* ContentView.swift */,
				AA6313BB2C188B2900A3CA51 /* Assets.xcassets */,
				AA6313BD2C188B2900A3CA51 /* Preview Content */,
			);
			path = "StaterFarm Drive and Save";
			sourceTree = "<group>";
		};
		AA6313BD2C188B2900A3CA51 /* Preview Content */ = {
			isa = PBXGroup;
			children = (
				AA6313BE2C188B2900A3CA51 /* Preview Assets.xcassets */,
			);
			path = "Preview Content";
			sourceTree = "<group>";
		};
		AA6313C72C188B2900A3CA51 /* StaterFarm Drive and SaveTests */ = {
			isa = PBXGroup;
			children = (
				AA6313C82C188B2900A3CA51 /* StaterFarm_Drive_and_SaveTests.swift */,
			);
			path = "StaterFarm Drive and SaveTests";
			sourceTree = "<group>";
		};
		AA6313D12C188B2900A3CA51 /* StaterFarm Drive and SaveUITests */ = {
			isa = PBXGroup;
			children = (
				AA6313D22C188B2900A3CA51 /* StaterFarm_Drive_and_SaveUITests.swift */,
				AA6313D42C188B2900A3CA51 /* StaterFarm_Drive_and_SaveUITestsLaunchTests.swift */,
			);
			path = "StaterFarm Drive and SaveUITests";
			sourceTree = "<group>";
		};
/* End PBXGroup section */

/* Begin PBXNativeTarget section */
		AA6313B32C188B2600A3CA51 /* StaterFarm Drive and Save */ = {
			isa = PBXNativeTarget;
			buildConfigurationList = AA6313D82C188B2900A3CA51 /* Build configuration list for PBXNativeTarget "StaterFarm Drive and Save" */;
			buildPhases = (
				AA6313B02C188B2600A3CA51 /* Sources */,
				AA6313B12C188B2600A3CA51 /* Frameworks */,
				AA6313B22C188B2600A3CA51 /* Resources */,
			);
			buildRules = (
			);
			dependencies = (
			);
			name = "StaterFarm Drive and Save";
			productName = "StaterFarm Drive and Save";
			productReference = AA6313B42C188B2600A3CA51 /* StaterFarm Drive and Save.app */;
			productType = "com.apple.product-type.application";
		};
		AA6313C32C188B2900A3CA51 /* StaterFarm Drive and SaveTests */ = {
			isa = PBXNativeTarget;
			buildConfigurationList = AA6313DB2C188B2900A3CA51 /* Build configuration list for PBXNativeTarget "StaterFarm Drive and SaveTests" */;
			buildPhases = (
				AA6313C02C188B2900A3CA51 /* Sources */,
				AA6313C12C188B2900A3CA51 /* Frameworks */,
				AA6313C22C188B2900A3CA51 /* Resources */,
			);
			buildRules = (
			);
			dependencies = (
				AA6313C62C188B2900A3CA51 /* PBXTargetDependency */,
			);
			name = "StaterFarm Drive and SaveTests";
			productName = "StaterFarm Drive and SaveTests";
			productReference = AA6313C42C188B2900A3CA51 /* StaterFarm Drive and SaveTests.xctest */;
			productType = "com.apple.product-type.bundle.unit-test";
		};
		AA6313CD2C188B2900A3CA51 /* StaterFarm Drive and SaveUITests */ = {
			isa = PBXNativeTarget;
			buildConfigurationList = AA6313DE2C188B2900A3CA51 /* Build configuration list for PBXNativeTarget "StaterFarm Drive and SaveUITests" */;
			buildPhases = (
				AA6313CA2C188B2900A3CA51 /* Sources */,
				AA6313CB2C188B2900A3CA51 /* Frameworks */,
				AA6313CC2C188B2900A3CA51 /* Resources */,
			);
			buildRules = (
			);
			dependencies = (
				AA6313D02C188B2900A3CA51 /* PBXTargetDependency */,
			);
			name = "StaterFarm Drive and SaveUITests";
			productName = "StaterFarm Drive and SaveUITests";
			productReference = AA6313CE2C188B2900A3CA51 /* StaterFarm Drive and SaveUITests.xctest */;
			productType = "com.apple.product-type.bundle.ui-testing";
		};
/* End PBXNativeTarget section */

/* Begin PBXProject section */
		AA6313AC2C188B2600A3CA51 /* Project object */ = {
			isa = PBXProject;
			attributes = {
				BuildIndependentTargetsInParallel = 1;
				LastSwiftUpdateCheck = 1520;
				LastUpgradeCheck = 1520;
				TargetAttributes = {
					AA6313B32C188B2600A3CA51 = {
						CreatedOnToolsVersion = 15.2;
					};
					AA6313C32C188B2900A3CA51 = {
						CreatedOnToolsVersion = 15.2;
						TestTargetID = AA6313B32C188B2600A3CA51;
					};
					AA6313CD2C188B2900A3CA51 = {
						CreatedOnToolsVersion = 15.2;
						TestTargetID = AA6313B32C188B2600A3CA51;
					};
				};
			};
			buildConfigurationList = AA6313AF2C188B2600A3CA51 /* Build configuration list for PBXProject "StaterFarm Drive and Save" */;
			compatibilityVersion = "Xcode 14.0";
			developmentRegion = en;
			hasScannedForEncodings = 0;
			knownRegions = (
				en,
				Base,
			);
			mainGroup = AA6313AB2C188B2600A3CA51;
			productRefGroup = AA6313B52C188B2600A3CA51 /* Products */;
			projectDirPath = "";
			projectRoot = "";
			targets = (
				AA6313B32C188B2600A3CA51 /* StaterFarm Drive and Save */,
				AA6313C32C188B2900A3CA51 /* StaterFarm Drive and SaveTests */,
				AA6313CD2C188B2900A3CA51 /* StaterFarm Drive and SaveUITests */,
			);
		};
/* End PBXProject section */

/* Begin PBXResourcesBuildPhase section */
		AA6313B22C188B2600A3CA51 /* Resources */ = {
			isa = PBXResourcesBuildPhase;
			buildActionMask = 2147483647;
			files = (
				AA6313BF2C188B2900A3CA51 /* Preview Assets.xcassets in Resources */,
				AA6313BC2C188B2900A3CA51 /* Assets.xcassets in Resources */,
			);
			runOnlyForDeploymentPostprocessing = 0;
		};
		AA6313C22C188B2900A3CA51 /* Resources */ = {
			isa = PBXResourcesBuildPhase;
			buildActionMask = 2147483647;
			files = (
			);
			runOnlyForDeploymentPostprocessing = 0;
		};
		AA6313CC2C188B2900A3CA51 /* Resources */ = {
			isa = PBXResourcesBuildPhase;
			buildActionMask = 2147483647;
			files = (
			);
			runOnlyForDeploymentPostprocessing = 0;
		};
/* End PBXResourcesBuildPhase section */

/* Begin PBXSourcesBuildPhase section */
		AA6313B02C188B2600A3CA51 /* Sources */ = {
			isa = PBXSourcesBuildPhase;
			buildActionMask = 2147483647;
			files = (
				AAE63EEC2C18F1B500CB0DAA /* NetworkManager.swift in Sources */,
				AA6313BA2C188B2600A3CA51 /* ContentView.swift in Sources */,
				AA6313B82C188B2600A3CA51 /* StaterFarm_Drive_and_SaveApp.swift in Sources */,
			);
			runOnlyForDeploymentPostprocessing = 0;
		};
		AA6313C02C188B2900A3CA51 /* Sources */ = {
			isa = PBXSourcesBuildPhase;
			buildActionMask = 2147483647;
			files = (
				AA6313C92C188B2900A3CA51 /* StaterFarm_Drive_and_SaveTests.swift in Sources */,
			);
			runOnlyForDeploymentPostprocessing = 0;
		};
		AA6313CA2C188B2900A3CA51 /* Sources */ = {
			isa = PBXSourcesBuildPhase;
			buildActionMask = 2147483647;
			files = (
				AA6313D32C188B2900A3CA51 /* StaterFarm_Drive_and_SaveUITests.swift in Sources */,
				AA6313D52C188B2900A3CA51 /* StaterFarm_Drive_and_SaveUITestsLaunchTests.swift in Sources */,
			);
			runOnlyForDeploymentPostprocessing = 0;
		};
/* End PBXSourcesBuildPhase section */

/* Begin PBXTargetDependency section */
		AA6313C62C188B2900A3CA51 /* PBXTargetDependency */ = {
			isa = PBXTargetDependency;
			target = AA6313B32C188B2600A3CA51 /* StaterFarm Drive and Save */;
			targetProxy = AA6313C52C188B2900A3CA51 /* PBXContainerItemProxy */;
		};
		AA6313D02C188B2900A3CA51 /* PBXTargetDependency */ = {
			isa = PBXTargetDependency;
			target = AA6313B32C188B2600A3CA51 /* StaterFarm Drive and Save */;
			targetProxy = AA6313CF2C188B2900A3CA51 /* PBXContainerItemProxy */;
		};
/* End PBXTargetDependency section */

/* Begin XCBuildConfiguration section */
		AA6313D62C188B2900A3CA51 /* Debug */ = {
			isa = XCBuildConfiguration;
			buildSettings = {
				ALWAYS_SEARCH_USER_PATHS = NO;
				ASSETCATALOG_COMPILER_GENERATE_SWIFT_ASSET_SYMBOL_EXTENSIONS = YES;
				CLANG_ANALYZER_NONNULL = YES;
				CLANG_ANALYZER_NUMBER_OBJECT_CONVERSION = YES_AGGRESSIVE;
				CLANG_CXX_LANGUAGE_STANDARD = "gnu++20";
				CLANG_ENABLE_MODULES = YES;
				CLANG_ENABLE_OBJC_ARC = YES;
				CLANG_ENABLE_OBJC_WEAK = YES;
				CLANG_WARN_BLOCK_CAPTURE_AUTORELEASING = YES;
				CLANG_WARN_BOOL_CONVERSION = YES;
				CLANG_WARN_COMMA = YES;
				CLANG_WARN_CONSTANT_CONVERSION = YES;
				CLANG_WARN_DEPRECATED_OBJC_IMPLEMENTATIONS = YES;
				CLANG_WARN_DIRECT_OBJC_ISA_USAGE = YES_ERROR;
				CLANG_WARN_DOCUMENTATION_COMMENTS = YES;
				CLANG_WARN_EMPTY_BODY = YES;
				CLANG_WARN_ENUM_CONVERSION = YES;
				CLANG_WARN_INFINITE_RECURSION = YES;
				CLANG_WARN_INT_CONVERSION = YES;
				CLANG_WARN_NON_LITERAL_NULL_CONVERSION = YES;
				CLANG_WARN_OBJC_IMPLICIT_RETAIN_SELF = YES;
				CLANG_WARN_OBJC_LITERAL_CONVERSION = YES;
				CLANG_WARN_OBJC_ROOT_CLASS = YES_ERROR;
				CLANG_WARN_QUOTED_INCLUDE_IN_FRAMEWORK_HEADER = YES;
				CLANG_WARN_RANGE_LOOP_ANALYSIS = YES;
				CLANG_WARN_STRICT_PROTOTYPES = YES;
				CLANG_WARN_SUSPICIOUS_MOVE = YES;
				CLANG_WARN_UNGUARDED_AVAILABILITY = YES_AGGRESSIVE;
				CLANG_WARN_UNREACHABLE_CODE = YES;
				CLANG_WARN__DUPLICATE_METHOD_MATCH = YES;
				COPY_PHASE_STRIP = NO;
				DEBUG_INFORMATION_FORMAT = dwarf;
				ENABLE_STRICT_OBJC_MSGSEND = YES;
				ENABLE_TESTABILITY = YES;
				ENABLE_USER_SCRIPT_SANDBOXING = YES;
				GCC_C_LANGUAGE_STANDARD = gnu17;
				GCC_DYNAMIC_NO_PIC = NO;
				GCC_NO_COMMON_BLOCKS = YES;
				GCC_OPTIMIZATION_LEVEL = 0;
				GCC_PREPROCESSOR_DEFINITIONS = (
					"DEBUG=1",
					"$(inherited)",
				);
				GCC_WARN_64_TO_32_BIT_CONVERSION = YES;
				GCC_WARN_ABOUT_RETURN_TYPE = YES_ERROR;
				GCC_WARN_UNDECLARED_SELECTOR = YES;
				GCC_WARN_UNINITIALIZED_AUTOS = YES_AGGRESSIVE;
				GCC_WARN_UNUSED_FUNCTION = YES;
				GCC_WARN_UNUSED_VARIABLE = YES;
				IPHONEOS_DEPLOYMENT_TARGET = 17.2;
				LOCALIZATION_PREFERS_STRING_CATALOGS = YES;
				MTL_ENABLE_DEBUG_INFO = INCLUDE_SOURCE;
				MTL_FAST_MATH = YES;
				ONLY_ACTIVE_ARCH = YES;
				SDKROOT = iphoneos;
				SWIFT_ACTIVE_COMPILATION_CONDITIONS = "DEBUG $(inherited)";
				SWIFT_OPTIMIZATION_LEVEL = "-Onone";
			};
			name = Debug;
		};
		AA6313D72C188B2900A3CA51 /* Release */ = {
			isa = XCBuildConfiguration;
			buildSettings = {
				ALWAYS_SEARCH_USER_PATHS = NO;
				ASSETCATALOG_COMPILER_GENERATE_SWIFT_ASSET_SYMBOL_EXTENSIONS = YES;
				CLANG_ANALYZER_NONNULL = YES;
				CLANG_ANALYZER_NUMBER_OBJECT_CONVERSION = YES_AGGRESSIVE;
				CLANG_CXX_LANGUAGE_STANDARD = "gnu++20";
				CLANG_ENABLE_MODULES = YES;
				CLANG_ENABLE_OBJC_ARC = YES;
				CLANG_ENABLE_OBJC_WEAK = YES;
				CLANG_WARN_BLOCK_CAPTURE_AUTORELEASING = YES;
				CLANG_WARN_BOOL_CONVERSION = YES;
				CLANG_WARN_COMMA = YES;
				CLANG_WARN_CONSTANT_CONVERSION = YES;
				CLANG_WARN_DEPRECATED_OBJC_IMPLEMENTATIONS = YES;
				CLANG_WARN_DIRECT_OBJC_ISA_USAGE = YES_ERROR;
				CLANG_WARN_DOCUMENTATION_COMMENTS = YES;
				CLANG_WARN_EMPTY_BODY = YES;
				CLANG_WARN_ENUM_CONVERSION = YES;
				CLANG_WARN_INFINITE_RECURSION = YES;
				CLANG_WARN_INT_CONVERSION = YES;
				CLANG_WARN_NON_LITERAL_NULL_CONVERSION = YES;
				CLANG_WARN_OBJC_IMPLICIT_RETAIN_SELF = YES;
				CLANG_WARN_OBJC_LITERAL_CONVERSION = YES;
				CLANG_WARN_OBJC_ROOT_CLASS = YES_ERROR;
				CLANG_WARN_QUOTED_INCLUDE_IN_FRAMEWORK_HEADER = YES;
				CLANG_WARN_RANGE_LOOP_ANALYSIS = YES;
				CLANG_WARN_STRICT_PROTOTYPES = YES;
				CLANG_WARN_SUSPICIOUS_MOVE = YES;
				CLANG_WARN_UNGUARDED_AVAILABILITY = YES_AGGRESSIVE;
				CLANG_WARN_UNREACHABLE_CODE = YES;
				CLANG_WARN__DUPLICATE_METHOD_MATCH = YES;
				COPY_PHASE_STRIP = NO;
				DEBUG_INFORMATION_FORMAT = "dwarf-with-dsym";
				ENABLE_NS_ASSERTIONS = NO;
				ENABLE_STRICT_OBJC_MSGSEND = YES;
				ENABLE_USER_SCRIPT_SANDBOXING = YES;
				GCC_C_LANGUAGE_STANDARD = gnu17;
				GCC_NO_COMMON_BLOCKS = YES;
				GCC_WARN_64_TO_32_BIT_CONVERSION = YES;
				GCC_WARN_ABOUT_RETURN_TYPE = YES_ERROR;
				GCC_WARN_UNDECLARED_SELECTOR = YES;
				GCC_WARN_UNINITIALIZED_AUTOS = YES_AGGRESSIVE;
				GCC_WARN_UNUSED_FUNCTION = YES;
				GCC_WARN_UNUSED_VARIABLE = YES;
				IPHONEOS_DEPLOYMENT_TARGET = 17.2;
				LOCALIZATION_PREFERS_STRING_CATALOGS = YES;
				MTL_ENABLE_DEBUG_INFO = NO;
				MTL_FAST_MATH = YES;
				SDKROOT = iphoneos;
				SWIFT_COMPILATION_MODE = wholemodule;
				VALIDATE_PRODUCT = YES;
			};
			name = Release;
		};
		AA6313D92C188B2900A3CA51 /* Debug */ = {
			isa = XCBuildConfiguration;
			buildSettings = {
				ASSETCATALOG_COMPILER_APPICON_NAME = AppIcon;
				ASSETCATALOG_COMPILER_GLOBAL_ACCENT_COLOR_NAME = AccentColor;
				CODE_SIGN_STYLE = Automatic;
				CURRENT_PROJECT_VERSION = 1;
				DEVELOPMENT_ASSET_PATHS = "\"StaterFarm Drive and Save/Preview Content\"";
				DEVELOPMENT_TEAM = F3NK44DQ42;
				ENABLE_PREVIEWS = YES;
				GENERATE_INFOPLIST_FILE = YES;
				INFOPLIST_KEY_UIApplicationSceneManifest_Generation = YES;
				INFOPLIST_KEY_UIApplicationSupportsIndirectInputEvents = YES;
				INFOPLIST_KEY_UILaunchScreen_Generation = YES;
				INFOPLIST_KEY_UISupportedInterfaceOrientations_iPad = "UIInterfaceOrientationPortrait UIInterfaceOrientationPortraitUpsideDown UIInterfaceOrientationLandscapeLeft UIInterfaceOrientationLandscapeRight";
				INFOPLIST_KEY_UISupportedInterfaceOrientations_iPhone = "UIInterfaceOrientationPortrait UIInterfaceOrientationLandscapeLeft UIInterfaceOrientationLandscapeRight";
				LD_RUNPATH_SEARCH_PATHS = (
					"$(inherited)",
					"@executable_path/Frameworks",
				);
				MARKETING_VERSION = 1.0;
				PRODUCT_BUNDLE_IDENTIFIER = "LF.StaterFarm-Drive-and-Save";
				PRODUCT_NAME = "$(TARGET_NAME)";
				SWIFT_EMIT_LOC_STRINGS = YES;
				SWIFT_VERSION = 5.0;
				TARGETED_DEVICE_FAMILY = "1,2";
			};
			name = Debug;
		};
		AA6313DA2C188B2900A3CA51 /* Release */ = {
			isa = XCBuildConfiguration;
			buildSettings = {
				ASSETCATALOG_COMPILER_APPICON_NAME = AppIcon;
				ASSETCATALOG_COMPILER_GLOBAL_ACCENT_COLOR_NAME = AccentColor;
				CODE_SIGN_STYLE = Automatic;
				CURRENT_PROJECT_VERSION = 1;
				DEVELOPMENT_ASSET_PATHS = "\"StaterFarm Drive and Save/Preview Content\"";
				DEVELOPMENT_TEAM = F3NK44DQ42;
				ENABLE_PREVIEWS = YES;
				GENERATE_INFOPLIST_FILE = YES;
				INFOPLIST_KEY_UIApplicationSceneManifest_Generation = YES;
				INFOPLIST_KEY_UIApplicationSupportsIndirectInputEvents = YES;
				INFOPLIST_KEY_UILaunchScreen_Generation = YES;
				INFOPLIST_KEY_UISupportedInterfaceOrientations_iPad = "UIInterfaceOrientationPortrait UIInterfaceOrientationPortraitUpsideDown UIInterfaceOrientationLandscapeLeft UIInterfaceOrientationLandscapeRight";
				INFOPLIST_KEY_UISupportedInterfaceOrientations_iPhone = "UIInterfaceOrientationPortrait UIInterfaceOrientationLandscapeLeft UIInterfaceOrientationLandscapeRight";
				LD_RUNPATH_SEARCH_PATHS = (
					"$(inherited)",
					"@executable_path/Frameworks",
				);
				MARKETING_VERSION = 1.0;
				PRODUCT_BUNDLE_IDENTIFIER = "LF.StaterFarm-Drive-and-Save";
				PRODUCT_NAME = "$(TARGET_NAME)";
				SWIFT_EMIT_LOC_STRINGS = YES;
				SWIFT_VERSION = 5.0;
				TARGETED_DEVICE_FAMILY = "1,2";
			};
			name = Release;
		};
		AA6313DC2C188B2900A3CA51 /* Debug */ = {
			isa = XCBuildConfiguration;
			buildSettings = {
				ALWAYS_EMBED_SWIFT_STANDARD_LIBRARIES = YES;
				BUNDLE_LOADER = "$(TEST_HOST)";
				CODE_SIGN_STYLE = Automatic;
				CURRENT_PROJECT_VERSION = 1;
				DEVELOPMENT_TEAM = F3NK44DQ42;
				GENERATE_INFOPLIST_FILE = YES;
				IPHONEOS_DEPLOYMENT_TARGET = 17.2;
				MARKETING_VERSION = 1.0;
				PRODUCT_BUNDLE_IDENTIFIER = "LF.StaterFarm-Drive-and-SaveTests";
				PRODUCT_NAME = "$(TARGET_NAME)";
				SWIFT_EMIT_LOC_STRINGS = NO;
				SWIFT_VERSION = 5.0;
				TARGETED_DEVICE_FAMILY = "1,2";
				TEST_HOST = "$(BUILT_PRODUCTS_DIR)/StaterFarm Drive and Save.app/$(BUNDLE_EXECUTABLE_FOLDER_PATH)/StaterFarm Drive and Save";
			};
			name = Debug;
		};
		AA6313DD2C188B2900A3CA51 /* Release */ = {
			isa = XCBuildConfiguration;
			buildSettings = {
				ALWAYS_EMBED_SWIFT_STANDARD_LIBRARIES = YES;
				BUNDLE_LOADER = "$(TEST_HOST)";
				CODE_SIGN_STYLE = Automatic;
				CURRENT_PROJECT_VERSION = 1;
				DEVELOPMENT_TEAM = F3NK44DQ42;
				GENERATE_INFOPLIST_FILE = YES;
				IPHONEOS_DEPLOYMENT_TARGET = 17.2;
				MARKETING_VERSION = 1.0;
				PRODUCT_BUNDLE_IDENTIFIER = "LF.StaterFarm-Drive-and-SaveTests";
				PRODUCT_NAME = "$(TARGET_NAME)";
				SWIFT_EMIT_LOC_STRINGS = NO;
				SWIFT_VERSION = 5.0;
				TARGETED_DEVICE_FAMILY = "1,2";
				TEST_HOST = "$(BUILT_PRODUCTS_DIR)/StaterFarm Drive and Save.app/$(BUNDLE_EXECUTABLE_FOLDER_PATH)/StaterFarm Drive and Save";
			};
			name = Release;
		};
		AA6313DF2C188B2900A3CA51 /* Debug */ = {
			isa = XCBuildConfiguration;
			buildSettings = {
				ALWAYS_EMBED_SWIFT_STANDARD_LIBRARIES = YES;
				CODE_SIGN_STYLE = Automatic;
				CURRENT_PROJECT_VERSION = 1;
				DEVELOPMENT_TEAM = F3NK44DQ42;
				GENERATE_INFOPLIST_FILE = YES;
				MARKETING_VERSION = 1.0;
				PRODUCT_BUNDLE_IDENTIFIER = "LF.StaterFarm-Drive-and-SaveUITests";
				PRODUCT_NAME = "$(TARGET_NAME)";
				SWIFT_EMIT_LOC_STRINGS = NO;
				SWIFT_VERSION = 5.0;
				TARGETED_DEVICE_FAMILY = "1,2";
				TEST_TARGET_NAME = "StaterFarm Drive and Save";
			};
			name = Debug;
		};
		AA6313E02C188B2900A3CA51 /* Release */ = {
			isa = XCBuildConfiguration;
			buildSettings = {
				ALWAYS_EMBED_SWIFT_STANDARD_LIBRARIES = YES;
				CODE_SIGN_STYLE = Automatic;
				CURRENT_PROJECT_VERSION = 1;
				DEVELOPMENT_TEAM = F3NK44DQ42;
				GENERATE_INFOPLIST_FILE = YES;
				MARKETING_VERSION = 1.0;
				PRODUCT_BUNDLE_IDENTIFIER = "LF.StaterFarm-Drive-and-SaveUITests";
				PRODUCT_NAME = "$(TARGET_NAME)";
				SWIFT_EMIT_LOC_STRINGS = NO;
				SWIFT_VERSION = 5.0;
				TARGETED_DEVICE_FAMILY = "1,2";
				TEST_TARGET_NAME = "StaterFarm Drive and Save";
			};
			name = Release;
		};
/* End XCBuildConfiguration section */

/* Begin XCConfigurationList section */
		AA6313AF2C188B2600A3CA51 /* Build configuration list for PBXProject "StaterFarm Drive and Save" */ = {
			isa = XCConfigurationList;
			buildConfigurations = (
				AA6313D62C188B2900A3CA51 /* Debug */,
				AA6313D72C188B2900A3CA51 /* Release */,
			);
			defaultConfigurationIsVisible = 0;
			defaultConfigurationName = Release;
		};
		AA6313D82C188B2900A3CA51 /* Build configuration list for PBXNativeTarget "StaterFarm Drive and Save" */ = {
			isa = XCConfigurationList;
			buildConfigurations = (
				AA6313D92C188B2900A3CA51 /* Debug */,
				AA6313DA2C188B2900A3CA51 /* Release */,
			);
			defaultConfigurationIsVisible = 0;
			defaultConfigurationName = Release;
		};
		AA6313DB2C188B2900A3CA51 /* Build configuration list for PBXNativeTarget "StaterFarm Drive and SaveTests" */ = {
			isa = XCConfigurationList;
			buildConfigurations = (
				AA6313DC2C188B2900A3CA51 /* Debug */,
				AA6313DD2C188B2900A3CA51 /* Release */,
			);
			defaultConfigurationIsVisible = 0;
			defaultConfigurationName = Release;
		};
		AA6313DE2C188B2900A3CA51 /* Build configuration list for PBXNativeTarget "StaterFarm Drive and SaveUITests" */ = {
			isa = XCConfigurationList;
			buildConfigurations = (
				AA6313DF2C188B2900A3CA51 /* Debug */,
				AA6313E02C188B2900A3CA51 /* Release */,
			);
			defaultConfigurationIsVisible = 0;
			defaultConfigurationName = Release;
		};
/* End XCConfigurationList section */
	};
	rootObject = AA6313AC2C188B2600A3CA51 /* Project object */;
}
